
Microsoft Visual Studio Solution File, Format Version 12.00
# 
Project("{FAE04EC0-301F-11D3-BF4B-00C04F79EFBC}") = "Core", "Core\Core.csproj", "{7A49B998-23B7-4104-A02F-81C4D169C38D}"
EndProject
Project("{FAE04EC0-301F-11D3-BF4B-00C04F79EFBC}") = "Repositories", "Repositories\Repositories.csproj", "{61EB159B-D221-4659-ABD4-3C69FFA31764}"
EndProject
Project("{FAE04EC0-301F-11D3-BF4B-00C04F79EFBC}") = "Services", "Services\Services.csproj", "{44AA173B-B9DD-4193-B325-EA8D287EF6B6}"
EndProject
Project("{FAE04EC0-301F-11D3-BF4B-00C04F79EFBC}") = "Backend", "Backend\Backend.csproj", "{6AE579D2-5E8D-47D4-A6F5-F0DEC5AB0C21}"
EndProject
Project("{FAE04EC0-301F-11D3-BF4B-00C04F79EFBC}") = "Tests", "Tests\Tests.csproj", "{04B2D22A-482E-4FF4-9AD6-766A3FE6014D}"
EndProject
Global
	GlobalSection(SolutionConfigurationPlatforms) = preSolution
		Debug|Any CPU = Debug|Any CPU
		Release|Any CPU = Release|Any CPU
	EndGlobalSection
	GlobalSection(ProjectConfigurationPlatforms) = postSolution
		{7A49B998-23B7-4104-A02F-81C4D169C38D}.Debug|Any CPU.ActiveCfg = Debug|Any CPU
		{7A49B998-23B7-4104-A02F-81C4D169C38D}.Debug|Any CPU.Build.0 = Debug|Any CPU
		{7A49B998-23B7-4104-A02F-81C4D169C38D}.Release|Any CPU.ActiveCfg = Release|Any CPU
		{7A49B998-23B7-4104-A02F-81C4D169C38D}.Release|Any CPU.Build.0 = Release|Any CPU
		{61EB159B-D221-4659-ABD4-3C69FFA31764}.Debug|Any CPU.ActiveCfg = Debug|Any CPU
		{61EB159B-D221-4659-ABD4-3C69FFA31764}.Debug|Any CPU.Build.0 = Debug|Any CPU
		{61EB159B-D221-4659-ABD4-3C69FFA31764}.Release|Any CPU.ActiveCfg = Release|Any CPU
		{61EB159B-D221-4659-ABD4-3C69FFA31764}.Release|Any CPU.Build.0 = Release|Any CPU
		{44AA173B-B9DD-4193-B325-EA8D287EF6B6}.Debug|Any CPU.ActiveCfg = Debug|Any CPU
		{44AA173B-B9DD-4193-B325-EA8D287EF6B6}.Debug|Any CPU.Build.0 = Debug|Any CPU
		{44AA173B-B9DD-4193-B325-EA8D287EF6B6}.Release|Any CPU.ActiveCfg = Release|Any CPU
		{44AA173B-B9DD-4193-B325-EA8D287EF6B6}.Release|Any CPU.Build.0 = Release|Any CPU
		{6AE579D2-5E8D-47D4-A6F5-F0DEC5AB0C21}.Debug|Any CPU.ActiveCfg = Debug|Any CPU
		{6AE579D2-5E8D-47D4-A6F5-F0DEC5AB0C21}.Debug|Any CPU.Build.0 = Debug|Any CPU
		{6AE579D2-5E8D-47D4-A6F5-F0DEC5AB0C21}.Release|Any CPU.ActiveCfg = Release|Any CPU
		{6AE579D2-5E8D-47D4-A6F5-F0DEC5AB0C21}.Release|Any CPU.Build.0 = Release|Any CPU
		{04B2D22A-482E-4FF4-9AD6-766A3FE6014D}.Debug|Any CPU.ActiveCfg = Debug|Any CPU
		{04B2D22A-482E-4FF4-9AD6-766A3FE6014D}.Debug|Any CPU.Build.0 = Debug|Any CPU
		{04B2D22A-482E-4FF4-9AD6-766A3FE6014D}.Release|Any CPU.ActiveCfg = Release|Any CPU
		{04B2D22A-482E-4FF4-9AD6-766A3FE6014D}.Release|Any CPU.Build.0 = Release|Any CPU
	EndGlobalSection
EndGlobal
